# THIS IS AN AUTOGENERATED FILE. DO NOT EDIT THIS FILE DIRECTLY.
# yarn lockfile v1


"@calcit/procs@^0.9.20":
  version "0.9.20"
  resolved "https://registry.yarnpkg.com/@calcit/procs/-/procs-0.9.20.tgz#f7a3d9dfbcf1ec1d227e076000ccf9724adf35a9"
  integrity sha512-vKX7lWRb+Vi9qJA/awvj9tD7oWCZ/MMxJq1Daslj8j4gwUCB511NB55eKrLsh8FFtzkYpChS2njYcB0S92jcnA==
  dependencies:
    "@calcit/ternary-tree" "0.0.25"
    "@cirru/parser.ts" "^0.0.6"
    "@cirru/writer.ts" "^0.1.5"

"@calcit/ternary-tree@0.0.25":
  version "0.0.25"
  resolved "https://registry.yarnpkg.com/@calcit/ternary-tree/-/ternary-tree-0.0.25.tgz#d467cbd9a7f89ff1fdb590e5d1551aefa6a03492"
  integrity sha512-BxAAq6v7dZJDYSMX5kBVQ/eSYX7czjOS1cHM25js4yD+Q2I61RxxhD7iBaGlfNJvmgPmvYJQA5nxNmN2TEXq7A==

"@cirru/parser.ts@^0.0.6":
  version "0.0.6"
  resolved "https://registry.yarnpkg.com/@cirru/parser.ts/-/parser.ts-0.0.6.tgz#b95a84e02273fcbd71ff100925782b6f86410234"
  integrity sha512-qpDNPq+IuuwYjQFI+wzpd3ntbF7lwJs90v1XWyLQbL9Ru4ld4aHxVGwW/9F/QOu5mEGCMXtagCoYDf0HtOpDZg==

"@cirru/writer.ts@^0.1.5":
  version "0.1.5"
  resolved "https://registry.yarnpkg.com/@cirru/writer.ts/-/writer.ts-0.1.5.tgz#890d96cd4a69609f1682932dad5d2d467abb327e"
  integrity sha512-QQVFJAOIdUtVJZwT23THZOzumSDXCLMQ0yFz5DzIGlWGXPNBuB7BwUvGtRuiQrzM2XV7ALOWmNsVC7vEOjObQQ==
